
Microsoft Visual Studio Solution File, Format Version 12.00
# Visual Studio Version 16
VisualStudioVersion = 16.0.31624.102
MinimumVisualStudioVersion = 10.0.40219.1
Project("{8BC9CEB8-8B4A-11D0-8D11-00A0C91BC942}") = "power_overwhelming", "power_overwhelming\power_overwhelming.vcxproj", "{31EC8B79-D97B-4FD0-9FB0-C44CE75B1C78}"
EndProject
Project("{8BC9CEB8-8B4A-11D0-8D11-00A0C91BC942}") = "test", "test\test.vcxproj", "{4053690F-33DE-4BC1-871B-1F3FE3239002}"
EndProject
Project("{8BC9CEB8-8B4A-11D0-8D11-00A0C91BC942}") = "podump", "podump\podump.vcxproj", "{0C66FFDD-B16C-4EEA-A379-1D7B6F7ABF8A}"
EndProject
Project("{8BC9CEB8-8B4A-11D0-8D11-00A0C91BC942}") = "tinkerforge", "tinkerforge\tinkerforge.vcxproj", "{48DB87BA-8756-4633-BA24-0A23404928B5}"
EndProject
Project("{2150E333-8FDC-42A3-9474-1A3956D46DE8}") = "Solution Items", "Solution Items", "{EBB6D244-D3F9-4E54-BDC3-90D0B5424A2E}"
	ProjectSection(SolutionItems) = preProject
		README.md = README.md
	EndProjectSection
EndProject
Project("{8BC9CEB8-8B4A-11D0-8D11-00A0C91BC942}") = "setstablepowerstate", "setstablepowerstate\setstablepowerstate.vcxproj", "{88E7CF85-64E4-4034-A8FF-D3D840BE98CA}"
EndProject
Project("{8BC9CEB8-8B4A-11D0-8D11-00A0C91BC942}") = "poweb", "poweb\poweb.vcxproj", "{86D01514-0156-43A4-BD02-D2CD0A6AF496}"
EndProject
Global
	GlobalSection(SolutionConfigurationPlatforms) = preSolution
		Debug|ARM = Debug|ARM
		Debug|ARM64 = Debug|ARM64
		Debug|x64 = Debug|x64
		Debug|x86 = Debug|x86
		Release|ARM = Release|ARM
		Release|ARM64 = Release|ARM64
		Release|x64 = Release|x64
		Release|x86 = Release|x86
	EndGlobalSection
	GlobalSection(ProjectConfigurationPlatforms) = postSolution
		{31EC8B79-D97B-4FD0-9FB0-C44CE75B1C78}.Debug|ARM.ActiveCfg = Debug|ARM
		{31EC8B79-D97B-4FD0-9FB0-C44CE75B1C78}.Debug|ARM.Build.0 = Debug|ARM
		{31EC8B79-D97B-4FD0-9FB0-C44CE75B1C78}.Debug|ARM64.ActiveCfg = Debug|ARM64
		{31EC8B79-D97B-4FD0-9FB0-C44CE75B1C78}.Debug|ARM64.Build.0 = Debug|ARM64
		{31EC8B79-D97B-4FD0-9FB0-C44CE75B1C78}.Debug|x64.ActiveCfg = Debug|x64
		{31EC8B79-D97B-4FD0-9FB0-C44CE75B1C78}.Debug|x64.Build.0 = Debug|x64
		{31EC8B79-D97B-4FD0-9FB0-C44CE75B1C78}.Debug|x86.ActiveCfg = Debug|Win32
		{31EC8B79-D97B-4FD0-9FB0-C44CE75B1C78}.Debug|x86.Build.0 = Debug|Win32
		{31EC8B79-D97B-4FD0-9FB0-C44CE75B1C78}.Release|ARM.ActiveCfg = Release|ARM
		{31EC8B79-D97B-4FD0-9FB0-C44CE75B1C78}.Release|ARM.Build.0 = Release|ARM
		{31EC8B79-D97B-4FD0-9FB0-C44CE75B1C78}.Release|ARM64.ActiveCfg = Release|ARM64
		{31EC8B79-D97B-4FD0-9FB0-C44CE75B1C78}.Release|ARM64.Build.0 = Release|ARM64
		{31EC8B79-D97B-4FD0-9FB0-C44CE75B1C78}.Release|x64.ActiveCfg = Release|x64
		{31EC8B79-D97B-4FD0-9FB0-C44CE75B1C78}.Release|x64.Build.0 = Release|x64
		{31EC8B79-D97B-4FD0-9FB0-C44CE75B1C78}.Release|x86.ActiveCfg = Release|Win32
		{31EC8B79-D97B-4FD0-9FB0-C44CE75B1C78}.Release|x86.Build.0 = Release|Win32
		{4053690F-33DE-4BC1-871B-1F3FE3239002}.Debug|ARM.ActiveCfg = Debug|Win32
		{4053690F-33DE-4BC1-871B-1F3FE3239002}.Debug|ARM64.ActiveCfg = Debug|Win32
		{4053690F-33DE-4BC1-871B-1F3FE3239002}.Debug|x64.ActiveCfg = Debug|x64
		{4053690F-33DE-4BC1-871B-1F3FE3239002}.Debug|x64.Build.0 = Debug|x64
		{4053690F-33DE-4BC1-871B-1F3FE3239002}.Debug|x86.ActiveCfg = Debug|Win32
		{4053690F-33DE-4BC1-871B-1F3FE3239002}.Debug|x86.Build.0 = Debug|Win32
		{4053690F-33DE-4BC1-871B-1F3FE3239002}.Release|ARM.ActiveCfg = Release|Win32
		{4053690F-33DE-4BC1-871B-1F3FE3239002}.Release|ARM64.ActiveCfg = Release|Win32
		{4053690F-33DE-4BC1-871B-1F3FE3239002}.Release|x64.ActiveCfg = Release|x64
		{4053690F-33DE-4BC1-871B-1F3FE3239002}.Release|x64.Build.0 = Release|x64
		{4053690F-33DE-4BC1-871B-1F3FE3239002}.Release|x86.ActiveCfg = Release|Win32
		{4053690F-33DE-4BC1-871B-1F3FE3239002}.Release|x86.Build.0 = Release|Win32
		{0C66FFDD-B16C-4EEA-A379-1D7B6F7ABF8A}.Debug|ARM.ActiveCfg = Debug|ARM
		{0C66FFDD-B16C-4EEA-A379-1D7B6F7ABF8A}.Debug|ARM.Build.0 = Debug|ARM
		{0C66FFDD-B16C-4EEA-A379-1D7B6F7ABF8A}.Debug|ARM64.ActiveCfg = Debug|ARM64
		{0C66FFDD-B16C-4EEA-A379-1D7B6F7ABF8A}.Debug|ARM64.Build.0 = Debug|ARM64
		{0C66FFDD-B16C-4EEA-A379-1D7B6F7ABF8A}.Debug|x64.ActiveCfg = Debug|x64
		{0C66FFDD-B16C-4EEA-A379-1D7B6F7ABF8A}.Debug|x64.Build.0 = Debug|x64
		{0C66FFDD-B16C-4EEA-A379-1D7B6F7ABF8A}.Debug|x86.ActiveCfg = Debug|Win32
		{0C66FFDD-B16C-4EEA-A379-1D7B6F7ABF8A}.Debug|x86.Build.0 = Debug|Win32
		{0C66FFDD-B16C-4EEA-A379-1D7B6F7ABF8A}.Release|ARM.ActiveCfg = Release|ARM
		{0C66FFDD-B16C-4EEA-A379-1D7B6F7ABF8A}.Release|ARM.Build.0 = Release|ARM
		{0C66FFDD-B16C-4EEA-A379-1D7B6F7ABF8A}.Release|ARM64.ActiveCfg = Release|ARM64
		{0C66FFDD-B16C-4EEA-A379-1D7B6F7ABF8A}.Release|ARM64.Build.0 = Release|ARM64
		{0C66FFDD-B16C-4EEA-A379-1D7B6F7ABF8A}.Release|x64.ActiveCfg = Release|x64
		{0C66FFDD-B16C-4EEA-A379-1D7B6F7ABF8A}.Release|x64.Build.0 = Release|x64
		{0C66FFDD-B16C-4EEA-A379-1D7B6F7ABF8A}.Release|x86.ActiveCfg = Release|Win32
		{0C66FFDD-B16C-4EEA-A379-1D7B6F7ABF8A}.Release|x86.Build.0 = Release|Win32
		{48DB87BA-8756-4633-BA24-0A23404928B5}.Debug|ARM.ActiveCfg = Debug|ARM
		{48DB87BA-8756-4633-BA24-0A23404928B5}.Debug|ARM.Build.0 = Debug|ARM
		{48DB87BA-8756-4633-BA24-0A23404928B5}.Debug|ARM64.ActiveCfg = Debug|ARM64
		{48DB87BA-8756-4633-BA24-0A23404928B5}.Debug|ARM64.Build.0 = Debug|ARM64
		{48DB87BA-8756-4633-BA24-0A23404928B5}.Debug|x64.ActiveCfg = Debug|x64
		{48DB87BA-8756-4633-BA24-0A23404928B5}.Debug|x64.Build.0 = Debug|x64
		{48DB87BA-8756-4633-BA24-0A23404928B5}.Debug|x86.ActiveCfg = Debug|Win32
		{48DB87BA-8756-4633-BA24-0A23404928B5}.Debug|x86.Build.0 = Debug|Win32
		{48DB87BA-8756-4633-BA24-0A23404928B5}.Release|ARM.ActiveCfg = Release|ARM
		{48DB87BA-8756-4633-BA24-0A23404928B5}.Release|ARM.Build.0 = Release|ARM
		{48DB87BA-8756-4633-BA24-0A23404928B5}.Release|ARM64.ActiveCfg = Release|ARM64
		{48DB87BA-8756-4633-BA24-0A23404928B5}.Release|ARM64.Build.0 = Release|ARM64
		{48DB87BA-8756-4633-BA24-0A23404928B5}.Release|x64.ActiveCfg = Release|x64
		{48DB87BA-8756-4633-BA24-0A23404928B5}.Release|x64.Build.0 = Release|x64
		{48DB87BA-8756-4633-BA24-0A23404928B5}.Release|x86.ActiveCfg = Release|Win32
		{48DB87BA-8756-4633-BA24-0A23404928B5}.Release|x86.Build.0 = Release|Win32
		{88E7CF85-64E4-4034-A8FF-D3D840BE98CA}.Debug|ARM.ActiveCfg = Debug|ARM
		{88E7CF85-64E4-4034-A8FF-D3D840BE98CA}.Debug|ARM.Build.0 = Debug|ARM
		{88E7CF85-64E4-4034-A8FF-D3D840BE98CA}.Debug|ARM64.ActiveCfg = Debug|ARM64
		{88E7CF85-64E4-4034-A8FF-D3D840BE98CA}.Debug|ARM64.Build.0 = Debug|ARM64
		{88E7CF85-64E4-4034-A8FF-D3D840BE98CA}.Debug|x64.ActiveCfg = Debug|x64
		{88E7CF85-64E4-4034-A8FF-D3D840BE98CA}.Debug|x64.Build.0 = Debug|x64
		{88E7CF85-64E4-4034-A8FF-D3D840BE98CA}.Debug|x86.ActiveCfg = Debug|Win32
		{88E7CF85-64E4-4034-A8FF-D3D840BE98CA}.Debug|x86.Build.0 = Debug|Win32
		{88E7CF85-64E4-4034-A8FF-D3D840BE98CA}.Release|ARM.ActiveCfg = Release|ARM
		{88E7CF85-64E4-4034-A8FF-D3D840BE98CA}.Release|ARM.Build.0 = Release|ARM
		{88E7CF85-64E4-4034-A8FF-D3D840BE98CA}.Release|ARM64.ActiveCfg = Release|ARM64
		{88E7CF85-64E4-4034-A8FF-D3D840BE98CA}.Release|ARM64.Build.0 = Release|ARM64
		{88E7CF85-64E4-4034-A8FF-D3D840BE98CA}.Release|x64.ActiveCfg = Release|x64
		{88E7CF85-64E4-4034-A8FF-D3D840BE98CA}.Release|x64.Build.0 = Release|x64
		{88E7CF85-64E4-4034-A8FF-D3D840BE98CA}.Release|x86.ActiveCfg = Release|Win32
		{88E7CF85-64E4-4034-A8FF-D3D840BE98CA}.Release|x86.Build.0 = Release|Win32
		{86D01514-0156-43A4-BD02-D2CD0A6AF496}.Debug|ARM.ActiveCfg = Debug|Win32
		{86D01514-0156-43A4-BD02-D2CD0A6AF496}.Debug|ARM64.ActiveCfg = Debug|Win32
		{86D01514-0156-43A4-BD02-D2CD0A6AF496}.Debug|x64.ActiveCfg = Debug|x64
		{86D01514-0156-43A4-BD02-D2CD0A6AF496}.Debug|x64.Build.0 = Debug|x64
		{86D01514-0156-43A4-BD02-D2CD0A6AF496}.Debug|x86.ActiveCfg = Debug|Win32
		{86D01514-0156-43A4-BD02-D2CD0A6AF496}.Debug|x86.Build.0 = Debug|Win32
		{86D01514-0156-43A4-BD02-D2CD0A6AF496}.Release|ARM.ActiveCfg = Release|Win32
		{86D01514-0156-43A4-BD02-D2CD0A6AF496}.Release|ARM64.ActiveCfg = Release|Win32
		{86D01514-0156-43A4-BD02-D2CD0A6AF496}.Release|x64.ActiveCfg = Release|x64
		{86D01514-0156-43A4-BD02-D2CD0A6AF496}.Release|x64.Build.0 = Release|x64
		{86D01514-0156-43A4-BD02-D2CD0A6AF496}.Release|x86.ActiveCfg = Release|Win32
		{86D01514-0156-43A4-BD02-D2CD0A6AF496}.Release|x86.Build.0 = Release|Win32
	EndGlobalSection
	GlobalSection(SolutionProperties) = preSolution
		HideSolutionNode = FALSE
	EndGlobalSection
	GlobalSection(ExtensibilityGlobals) = postSolution
		SolutionGuid = {8D078DF7-B5C5-4990-AD3C-24826414D75A}
	EndGlobalSection
EndGlobal
