<?xml version="1.0" encoding="utf-8"?>
<Project ToolsVersion="4.0" xmlns="http://schemas.microsoft.com/developer/msbuild/2003">
  <ItemGroup>
    <ClCompile Include="adl_exception.cpp">
      <Filter>Source Files</Filter>
    </ClCompile>
    <ClCompile Include="adl_scope.cpp">
      <Filter>Source Files</Filter>
    </ClCompile>
    <ClCompile Include="adl_sensor.cpp">
      <Filter>Source Files</Filter>
    </ClCompile>
    <ClCompile Include="adl_sensor_impl.cpp">
      <Filter>Source Files</Filter>
    </ClCompile>
    <ClCompile Include="amd_display_library.cpp">
      <Filter>Source Files</Filter>
    </ClCompile>
    <ClCompile Include="convert_string.cpp">
      <Filter>Source Files</Filter>
    </ClCompile>
    <ClCompile Include="library_base.cpp">
      <Filter>Source Files</Filter>
    </ClCompile>
    <ClCompile Include="measurement.cpp">
      <Filter>Source Files</Filter>
    </ClCompile>
    <ClCompile Include="nvidia_management_library.cpp">
      <Filter>Source Files</Filter>
    </ClCompile>
    <ClCompile Include="nvml_exception.cpp">
      <Filter>Source Files</Filter>
    </ClCompile>
    <ClCompile Include="nvml_scope.cpp">
      <Filter>Source Files</Filter>
    </ClCompile>
    <ClCompile Include="nvml_sensor.cpp">
      <Filter>Source Files</Filter>
    </ClCompile>
    <ClCompile Include="nvml_sensor_impl.cpp">
      <Filter>Source Files</Filter>
    </ClCompile>
    <ClCompile Include="timestamp.cpp">
      <Filter>Source Files</Filter>
    </ClCompile>
    <ClCompile Include="tinkerforge_exception.cpp">
      <Filter>Source Files</Filter>
    </ClCompile>
    <ClCompile Include="tinkerforge_scope.cpp">
      <Filter>Source Files</Filter>
    </ClCompile>
    <ClCompile Include="tinkerforge_sensor.cpp">
      <Filter>Source Files</Filter>
    </ClCompile>
    <ClCompile Include="tinkerforge_sensor_definiton.cpp">
      <Filter>Source Files</Filter>
    </ClCompile>
    <ClCompile Include="tinkerforge_sensor_impl.cpp">
      <Filter>Source Files</Filter>
    </ClCompile>
    <ClCompile Include="tinkerforge_bricklet.cpp">
      <Filter>Source Files</Filter>
    </ClCompile>
    <ClCompile Include="tinkerforge_display.cpp">
      <Filter>Source Files</Filter>
    </ClCompile>
    <ClCompile Include="tinkerforge_display_impl.cpp">
      <Filter>Source Files</Filter>
    </ClCompile>
    <ClCompile Include="triple_buffering.cpp">
      <Filter>Source Files</Filter>
    </ClCompile>
    <ClCompile Include="visa_exception.cpp">
      <Filter>Source Files</Filter>
    </ClCompile>
    <ClCompile Include="visa_library.cpp">
      <Filter>Source Files</Filter>
    </ClCompile>
    <ClCompile Include="visa_scope.cpp">
      <Filter>Source Files</Filter>
    </ClCompile>
    <ClCompile Include="visa_scope_impl.cpp">
      <Filter>Source Files</Filter>
    </ClCompile>
    <ClCompile Include="hmc8015_sensor.cpp">
      <Filter>Source Files</Filter>
    </ClCompile>
    <ClCompile Include="visa_sensor_impl.cpp">
      <Filter>Source Files</Filter>
    </ClCompile>
    <ClCompile Include="rtb_sensor.cpp">
      <Filter>Source Files</Filter>
    </ClCompile>
    <ClCompile Include="visa_sensor.cpp">
      <Filter>Source Files</Filter>
    </ClCompile>
    <ClCompile Include="oscilloscope_sensor_definition.cpp">
      <Filter>Source Files</Filter>
    </ClCompile>
    <ClCompile Include="stable_power_state_scope.cpp">
      <Filter>Source Files</Filter>
    </ClCompile>
    <ClCompile Include="graphics_device.cpp">
      <Filter>Source Files</Filter>
    </ClCompile>
    <ClCompile Include="com_error_category.cpp">
      <Filter>Source Files</Filter>
    </ClCompile>
    <ClCompile Include="csv_iomanip.cpp">
      <Filter>Source Files</Filter>
    </ClCompile>
    <ClCompile Include="collector.cpp">
      <Filter>Source Files</Filter>
    </ClCompile>
    <ClCompile Include="adl_sensor_source.cpp">
      <Filter>Source Files</Filter>
    </ClCompile>
  </ItemGroup>
  <ItemGroup>
    <ClInclude Include="adl_exception.h">
      <Filter>Header Files</Filter>
    </ClInclude>
    <ClInclude Include="adl_scope.h">
      <Filter>Header Files</Filter>
    </ClInclude>
    <ClInclude Include="adl_sensor_impl.h">
      <Filter>Header Files</Filter>
    </ClInclude>
    <ClInclude Include="amd_display_library.h">
      <Filter>Header Files</Filter>
    </ClInclude>
    <ClInclude Include="library_base.h">
      <Filter>Header Files</Filter>
    </ClInclude>
    <ClInclude Include="nvidia_management_library.h">
      <Filter>Header Files</Filter>
    </ClInclude>
    <ClInclude Include="nvml_exception.h">
      <Filter>Header Files</Filter>
    </ClInclude>
    <ClInclude Include="nvml_scope.h">
      <Filter>Header Files</Filter>
    </ClInclude>
    <ClInclude Include="nvml_sensor_impl.h">
      <Filter>Header Files</Filter>
    </ClInclude>
    <ClInclude Include="on_exit.h">
      <Filter>Header Files</Filter>
    </ClInclude>
    <ClInclude Include="timestamp.h">
      <Filter>Header Files</Filter>
    </ClInclude>
    <ClInclude Include="tinkerforge_exception.h">
      <Filter>Header Files</Filter>
    </ClInclude>
    <ClInclude Include="tinkerforge_scope.h">
      <Filter>Header Files</Filter>
    </ClInclude>
    <ClInclude Include="tinkerforge_sensor_impl.h">
      <Filter>Header Files</Filter>
    </ClInclude>
    <ClInclude Include="tinkerforge_bricklet.h">
      <Filter>Header Files</Filter>
    </ClInclude>
    <ClInclude Include="tinkerforge_display_impl.h">
      <Filter>Header Files</Filter>
    </ClInclude>
    <ClInclude Include="triple_buffering.h">
      <Filter>Header Files</Filter>
    </ClInclude>
    <ClInclude Include="visa_exception.h">
      <Filter>Header Files</Filter>
    </ClInclude>
    <ClInclude Include="visa_library.h">
      <Filter>Header Files</Filter>
    </ClInclude>
    <ClInclude Include="visa_scope.h">
      <Filter>Header Files</Filter>
    </ClInclude>
    <ClInclude Include="visa_scope_impl.h">
      <Filter>Header Files</Filter>
    </ClInclude>
    <ClInclude Include="visa_sensor_impl.h">
      <Filter>Header Files</Filter>
    </ClInclude>
    <ClInclude Include="tokenise.h">
      <Filter>Header Files</Filter>
    </ClInclude>
    <ClInclude Include="timestamp_resolution_traits.h">
      <Filter>Header Files</Filter>
    </ClInclude>
    <ClInclude Include="include\timestamp.h">
      <Filter>Header Files</Filter>
    </ClInclude>
    <ClInclude Include="safe_com.h">
      <Filter>Header Files</Filter>
    </ClInclude>
    <ClInclude Include="com_error_category.h">
      <Filter>Header Files</Filter>
    </ClInclude>
    <ClInclude Include="include\power_overwhelming\literal.h">
      <Filter>Header Files</Filter>
    </ClInclude>
    <ClInclude Include="include\power_overwhelming\log_mode.h">
      <Filter>Header Files</Filter>
    </ClInclude>
    <ClInclude Include="include\power_overwhelming\measurement.h">
      <Filter>Header Files</Filter>
    </ClInclude>
    <ClInclude Include="include\power_overwhelming\nvml_sensor.h">
      <Filter>Header Files</Filter>
    </ClInclude>
    <ClInclude Include="include\power_overwhelming\oscilloscope_sensor_definition.h">
      <Filter>Header Files</Filter>
    </ClInclude>
    <ClInclude Include="include\power_overwhelming\power_overwhelming_api.h">
      <Filter>Header Files</Filter>
    </ClInclude>
    <ClInclude Include="include\power_overwhelming\rtb_sensor.h">
      <Filter>Header Files</Filter>
    </ClInclude>
    <ClInclude Include="include\power_overwhelming\sensor.h">
      <Filter>Header Files</Filter>
    </ClInclude>
    <ClInclude Include="include\power_overwhelming\stable_power_state_scope.h">
      <Filter>Header Files</Filter>
    </ClInclude>
    <ClInclude Include="include\power_overwhelming\quote.h">
      <Filter>Header Files</Filter>
    </ClInclude>
    <ClInclude Include="include\power_overwhelming\timestamp_resolution.h">
      <Filter>Header Files</Filter>
    </ClInclude>
    <ClInclude Include="include\power_overwhelming\tinkerforge_display.h">
      <Filter>Header Files</Filter>
    </ClInclude>
    <ClInclude Include="include\power_overwhelming\tinkerforge_sensor.h">
      <Filter>Header Files</Filter>
    </ClInclude>
    <ClInclude Include="include\power_overwhelming\tinkerforge_sensor_definiton.h">
      <Filter>Header Files</Filter>
    </ClInclude>
    <ClInclude Include="include\power_overwhelming\visa_sensor.h">
      <Filter>Header Files</Filter>
    </ClInclude>
    <ClInclude Include="include\power_overwhelming\adl_sensor.h">
      <Filter>Header Files</Filter>
    </ClInclude>
    <ClInclude Include="include\power_overwhelming\adl_sensor_source.h">
      <Filter>Header Files</Filter>
    </ClInclude>
    <ClInclude Include="include\power_overwhelming\csv_iomanip.h">
      <Filter>Header Files</Filter>
    </ClInclude>
    <ClInclude Include="include\power_overwhelming\graphics_device.h">
      <Filter>Header Files</Filter>
    </ClInclude>
    <ClInclude Include="include\power_overwhelming\hmc8015_sensor.h">
      <Filter>Header Files</Filter>
    </ClInclude>
    <ClInclude Include="include\power_overwhelming\instrument_range.h">
      <Filter>Header Files</Filter>
    </ClInclude>
    <ClInclude Include="include\power_overwhelming\convert_string.h">
      <Filter>Header Files</Filter>
    </ClInclude>
    <ClInclude Include="include\power_overwhelming\conversion_time.h">
      <Filter>Header Files</Filter>
    </ClInclude>
    <ClInclude Include="include\power_overwhelming\sample_averaging.h">
      <Filter>Header Files</Filter>
    </ClInclude>
    <ClInclude Include="sampler.h">
      <Filter>Header Files</Filter>
    </ClInclude>
    <ClInclude Include="include\power_overwhelming\collector.h">
      <Filter>Header Files</Filter>
    </ClInclude>
    <ClInclude Include="collector_impl.h">
      <Filter>Header Files</Filter>
    </ClInclude>
  </ItemGroup>
  <ItemGroup>
    <ClCompile Include="adl_sensor.cpp">
      <Filter>Source Files</Filter>
    </ClCompile>
    <ClCompile Include="nvml_sensor.cpp">
      <Filter>Source Files</Filter>
    </ClCompile>
    <ClCompile Include="nvml_scope.cpp">
      <Filter>Source Files</Filter>
    </ClCompile>
    <ClCompile Include="adl_exception.cpp">
      <Filter>Source Files</Filter>
    </ClCompile>
    <ClCompile Include="measurement.cpp">
      <Filter>Source Files</Filter>
    </ClCompile>
    <ClCompile Include="library_base.cpp">
      <Filter>Source Files</Filter>
    </ClCompile>
    <ClCompile Include="amd_display_library.cpp">
      <Filter>Source Files</Filter>
    </ClCompile>
    <ClCompile Include="nvidia_management_library.cpp">
      <Filter>Source Files</Filter>
    </ClCompile>
    <ClCompile Include="nvml_sensor_impl.cpp">
      <Filter>Source Files</Filter>
    </ClCompile>
    <ClCompile Include="nvml_exception.cpp">
      <Filter>Source Files</Filter>
    </ClCompile>
    <ClCompile Include="convert_string.cpp">
      <Filter>Source Files</Filter>
    </ClCompile>
    <ClCompile Include="adl_sensor_impl.cpp">
      <Filter>Source Files</Filter>
    </ClCompile>
    <ClCompile Include="adl_scope.cpp">
      <Filter>Source Files</Filter>
    </ClCompile>
    <ClCompile Include="tinkerforge_scope.cpp">
      <Filter>Source Files</Filter>
    </ClCompile>
    <ClCompile Include="tinkerforge_exception.cpp">
      <Filter>Source Files</Filter>
    </ClCompile>
    <ClCompile Include="sensor.cpp">
      <Filter>Source Files</Filter>
    </ClCompile>
  </ItemGroup>
  <ItemGroup>
    <None Include="on_exit.inl">
      <Filter>Header Files</Filter>
    </None>
    <None Include="timestamp.inl">
      <Filter>Header Files</Filter>
    </None>
    <None Include="tinkerforge_scope.inl">
      <Filter>Header Files</Filter>
    </None>
    <None Include="visa_sensor_impl.inl">
      <Filter>Header Files</Filter>
    </None>
    <None Include="tokenise.inl">
      <Filter>Header Files</Filter>
    </None>
    <None Include="include\power_overwhelming\measurement.inl">
      <Filter>Header Files</Filter>
    </None>
    <None Include="include\power_overwhelming\quote.inl">
      <Filter>Header Files</Filter>
    </None>
    <None Include="include\power_overwhelming\convert_string.inl">
      <Filter>Header Files</Filter>
    </None>
    <None Include="sampler.inl">
      <Filter>Header Files</Filter>
    </None>
  </ItemGroup>
  <ItemGroup>
    <Filter Include="Header Files">
      <UniqueIdentifier>{20286781-df94-4609-99a7-b3c90d2d76fc}</UniqueIdentifier>
      <Extensions>h;hh;hpp;hxx;h++;hm;inl;inc;ipp;xsd</Extensions>
    </Filter>
    <Filter Include="Resource Files">
      <UniqueIdentifier>{4b6cda99-5eff-4c43-8495-a248ef6f6bd4}</UniqueIdentifier>
      <Extensions>rc;ico;cur;bmp;dlg;rc2;rct;bin;rgs;gif;jpg;jpeg;jpe;resx;tiff;tif;png;wav;mfcribbon-ms</Extensions>
    </Filter>
    <Filter Include="Source Files">
      <UniqueIdentifier>{49844d3e-fcb9-420d-835e-0060f76ae5f5}</UniqueIdentifier>
      <Extensions>cpp;c;cc;cxx;c++;cppm;ixx;def;odl;idl;hpj;bat;asm;asmx</Extensions>
    </Filter>
  </ItemGroup>
</Project>